{
    "hash": "f45b74293471642f496061faf1e6a3f6",
    "packages": [
        {
            "package": "doctrine/common",
            "version": "2.3.x-dev",
            "source-reference": "2fccdb2a4dee54e620793f3e4294ffd8f0eea68d",
            "commit-date": "1343765518"
        },
        {
            "package": "doctrine/dbal",
            "version": "2.3.x-dev",
            "source-reference": "86b10e7eda2eed1d9a07a580a40e14cea8e1733a",
            "commit-date": "1343559046"
        },
        {
            "package": "doctrine/doctrine-bundle",
            "version": "dev-master",
            "source-reference": "ed8d02b491512f947fdb2f8b665dc8fd72b5879c",
            "commit-date": "1343657020"
        },
        {
            "package": "doctrine/migrations",
            "version": "dev-master",
            "source-reference": "b86b4cc0a39714f0aa53b908d495beacfa0e4011",
            "commit-date": "1343202693"
        },
        {
            "package": "doctrine/orm",
            "version": "2.3.x-dev",
            "source-reference": "3f2ddc60d42ebc140de7bbadf7f7af6115c3690a",
            "commit-date": "1343745264"
        },
        {
            "package": "symfony/symfony",
            "version": "dev-master",
            "alias-pretty-version": "2.1.x-dev",
            "alias-version": "2.1.9999999.9999999-dev"
        },
        {
            "package": "symfony/symfony",
            "version": "dev-master",
            "source-reference": "b1618d210cb7e27036edcea9c163a94167e7df59",
            "commit-date": "1343747192"
        },
        {
            "package": "twig/twig",
            "version": "dev-master",
            "alias-pretty-version": "1.9.x-dev",
            "alias-version": "1.9.9999999.9999999-dev"
        },
        {
            "package": "twig/twig",
            "version": "dev-master",
            "source-reference": "51c866f415bbee670cd9ba13591307bce8dabdca",
            "commit-date": "1343464333"
        },
        {
            "package": "webignition/container-aware-migration",
            "version": "dev-master",
            "source-reference": "658ae0ede07cc7f280e288b8b92cb0eeb3ded82b",
            "commit-date": "1342268854"
        },
        {
            "package": "webignition/doctrine-migrations-bundle",
            "version": "dev-master",
            "source-reference": "3eaffb25b31c1f232b99904ac3bceba2991762d4",
            "commit-date": "1342272594"
        }
    ],
    "packages-dev": null,
    "aliases": [

    ],
    "minimum-stability": "dev",
    "stability-flags": {
        "doctrine/doctrine-bundle": 20
    }
}
